
Microsoft Visual Studio Solution File, Format Version 12.00
# Visual Studio 14
VisualStudioVersion = 14.0.23107.0
MinimumVisualStudioVersion = 10.0.40219.1
Project("{FAE04EC0-301F-11D3-BF4B-00C04F79EFBC}") = "MVC_Blog", "MVC_Blog\MVC_Blog.csproj", "{9A8E568E-9749-4D59-AD99-B0CC01E1F07D}"
EndProject
Project("{FAE04EC0-301F-11D3-BF4B-00C04F79EFBC}") = "RepoBlog", "RepoBlog\RepoBlog.csproj", "{40026757-9A6A-4C6D-ACEE-B023E32546AF}"
EndProject
Global
	GlobalSection(SolutionConfigurationPlatforms) = preSolution
		Debug|Any CPU = Debug|Any CPU
		Release|Any CPU = Release|Any CPU
	EndGlobalSection
	GlobalSection(ProjectConfigurationPlatforms) = postSolution
		{9A8E568E-9749-4D59-AD99-B0CC01E1F07D}.Debug|Any CPU.ActiveCfg = Debug|Any CPU
		{9A8E568E-9749-4D59-AD99-B0CC01E1F07D}.Debug|Any CPU.Build.0 = Debug|Any CPU
		{9A8E568E-9749-4D59-AD99-B0CC01E1F07D}.Release|Any CPU.ActiveCfg = Release|Any CPU
		{9A8E568E-9749-4D59-AD99-B0CC01E1F07D}.Release|Any CPU.Build.0 = Release|Any CPU
		{40026757-9A6A-4C6D-ACEE-B023E32546AF}.Debug|Any CPU.ActiveCfg = Debug|Any CPU
		{40026757-9A6A-4C6D-ACEE-B023E32546AF}.Debug|Any CPU.Build.0 = Debug|Any CPU
		{40026757-9A6A-4C6D-ACEE-B023E32546AF}.Release|Any CPU.ActiveCfg = Release|Any CPU
		{40026757-9A6A-4C6D-ACEE-B023E32546AF}.Release|Any CPU.Build.0 = Release|Any CPU
	EndGlobalSection
	GlobalSection(SolutionProperties) = preSolution
		HideSolutionNode = FALSE
	EndGlobalSection
EndGlobal
